
Microsoft Visual Studio Solution File, Format Version 12.00
# Visual Studio Version 17
VisualStudioVersion = 17.5.002.0
MinimumVisualStudioVersion = 10.0.40219.1
Project("{9A19103F-16F7-4668-BE54-9A1E7A4F7556}") = "BankingApp", "BankingApp\BankingApp.csproj", "{66EC8480-F42A-429B-B060-429B22797C73}"
EndProject
Global
	GlobalSection(SolutionConfigurationPlatforms) = preSolution
		Debug|Any CPU = Debug|Any CPU
		Release|Any CPU = Release|Any CPU
	EndGlobalSection
	GlobalSection(ProjectConfigurationPlatforms) = postSolution
		{66EC8480-F42A-429B-B060-429B22797C73}.Debug|Any CPU.ActiveCfg = Debug|Any CPU
		{66EC8480-F42A-429B-B060-429B22797C73}.Debug|Any CPU.Build.0 = Debug|Any CPU
		{66EC8480-F42A-429B-B060-429B22797C73}.Release|Any CPU.ActiveCfg = Release|Any CPU
		{66EC8480-F42A-429B-B060-429B22797C73}.Release|Any CPU.Build.0 = Release|Any CPU
	EndGlobalSection
	GlobalSection(SolutionProperties) = preSolution
		HideSolutionNode = FALSE
	EndGlobalSection
	GlobalSection(ExtensibilityGlobals) = postSolution
		SolutionGuid = {01C0D5AB-5835-4B08-A9C3-B23489ED4095}
	EndGlobalSection
EndGlobal
